
Microsoft Visual Studio Solution File, Format Version 12.00
# Visual Studio Version 17
VisualStudioVersion = 17.5.33627.172
MinimumVisualStudioVersion = 10.0.40219.1
Project("{FAE04EC0-301F-11D3-BF4B-00C04F79EFBC}") = "HyunDaiINJ", "HyunDaiINJ.csproj", "{B15B717D-BC44-4833-BF38-6F87DE069B61}"
EndProject
Project("{54435603-DBB4-11D2-8724-00A0C9A8B90C}") = "Setup1", "..\Setup1\Setup1.vdproj", "{C6898C64-C7E7-4062-8715-01788A729E41}"
EndProject
Global
	GlobalSection(SolutionConfigurationPlatforms) = preSolution
		Debug|Any CPU = Debug|Any CPU
		Debug|x64 = Debug|x64
		Release|Any CPU = Release|Any CPU
		Release|x64 = Release|x64
	EndGlobalSection
	GlobalSection(ProjectConfigurationPlatforms) = postSolution
		{B15B717D-BC44-4833-BF38-6F87DE069B61}.Debug|Any CPU.ActiveCfg = Release|x64
		{B15B717D-BC44-4833-BF38-6F87DE069B61}.Debug|Any CPU.Build.0 = Release|x64
		{B15B717D-BC44-4833-BF38-6F87DE069B61}.Debug|x64.ActiveCfg = Release|Any CPU
		{B15B717D-BC44-4833-BF38-6F87DE069B61}.Debug|x64.Build.0 = Release|Any CPU
		{B15B717D-BC44-4833-BF38-6F87DE069B61}.Release|Any CPU.ActiveCfg = Release|Any CPU
		{B15B717D-BC44-4833-BF38-6F87DE069B61}.Release|Any CPU.Build.0 = Release|Any CPU
		{B15B717D-BC44-4833-BF38-6F87DE069B61}.Release|x64.ActiveCfg = Release|x64
		{B15B717D-BC44-4833-BF38-6F87DE069B61}.Release|x64.Build.0 = Release|x64
		{C6898C64-C7E7-4062-8715-01788A729E41}.Debug|Any CPU.ActiveCfg = Release
		{C6898C64-C7E7-4062-8715-01788A729E41}.Debug|x64.ActiveCfg = Debug
		{C6898C64-C7E7-4062-8715-01788A729E41}.Release|Any CPU.ActiveCfg = Release
		{C6898C64-C7E7-4062-8715-01788A729E41}.Release|x64.ActiveCfg = Release
	EndGlobalSection
	GlobalSection(SolutionProperties) = preSolution
		HideSolutionNode = FALSE
	EndGlobalSection
	GlobalSection(ExtensibilityGlobals) = postSolution
		SolutionGuid = {163A1FDA-6DD7-4156-B1B8-C9711D45D9D6}
	EndGlobalSection
EndGlobal
